// !$*UTF8*$!
{
	archiveVersion = 1;
	classes = {
	};
	objectVersion = 50;
	objects = {

/* Begin PBXBuildFile section */
		AE1267D324C6A1D30054D74B /* AppDelegate.swift in Sources */ = {isa = PBXBuildFile; fileRef = AE1267D224C6A1D30054D74B /* AppDelegate.swift */; };
		AE1267D524C6A1D30054D74B /* SceneDelegate.swift in Sources */ = {isa = PBXBuildFile; fileRef = AE1267D424C6A1D30054D74B /* SceneDelegate.swift */; };
		AE1267D724C6A1D30054D74B /* MenuTypeViewController.swift in Sources */ = {isa = PBXBuildFile; fileRef = AE1267D624C6A1D30054D74B /* MenuTypeViewController.swift */; };
		AE1267DA24C6A1D30054D74B /* Main.storyboard in Resources */ = {isa = PBXBuildFile; fileRef = AE1267D824C6A1D30054D74B /* Main.storyboard */; };
		AE1267DC24C6A1D60054D74B /* Assets.xcassets in Resources */ = {isa = PBXBuildFile; fileRef = AE1267DB24C6A1D60054D74B /* Assets.xcassets */; };
		AE1267DF24C6A1D60054D74B /* LaunchScreen.storyboard in Resources */ = {isa = PBXBuildFile; fileRef = AE1267DD24C6A1D60054D74B /* LaunchScreen.storyboard */; };
		AE1782E024C6AA1B00CC4768 /* MenuListTableViewController.swift in Sources */ = {isa = PBXBuildFile; fileRef = AE1782DF24C6AA1B00CC4768 /* MenuListTableViewController.swift */; };
		AE1782E424C6AAE000CC4768 /* MenuListTableViewModel.swift in Sources */ = {isa = PBXBuildFile; fileRef = AE1782E324C6AAE000CC4768 /* MenuListTableViewModel.swift */; };
		AE1782E624C6E74500CC4768 /* MenuModels.swift in Sources */ = {isa = PBXBuildFile; fileRef = AE1782E524C6E74500CC4768 /* MenuModels.swift */; };
		AE1782E824C6E7C600CC4768 /* MenuTypeViewModel.swift in Sources */ = {isa = PBXBuildFile; fileRef = AE1782E724C6E7C600CC4768 /* MenuTypeViewModel.swift */; };
		AE1782EA24C7EBAC00CC4768 /* MenuListTableRouter.swift in Sources */ = {isa = PBXBuildFile; fileRef = AE1782E924C7EBAC00CC4768 /* MenuListTableRouter.swift */; };
		AE1782EC24C7EC5300CC4768 /* DetailsViewController.swift in Sources */ = {isa = PBXBuildFile; fileRef = AE1782EB24C7EC5300CC4768 /* DetailsViewController.swift */; };
		AE1782EE24C7EDA000CC4768 /* DetailsViewModel.swift in Sources */ = {isa = PBXBuildFile; fileRef = AE1782ED24C7EDA000CC4768 /* DetailsViewModel.swift */; };
		AE1782F024C7F84F00CC4768 /* DetailsViewController.xib in Resources */ = {isa = PBXBuildFile; fileRef = AE1782EF24C7F84F00CC4768 /* DetailsViewController.xib */; };
/* End PBXBuildFile section */

/* Begin PBXFileReference section */
		AE1267CF24C6A1D30054D74B /* Menu.app */ = {isa = PBXFileReference; explicitFileType = wrapper.application; includeInIndex = 0; path = Menu.app; sourceTree = BUILT_PRODUCTS_DIR; };
		AE1267D224C6A1D30054D74B /* AppDelegate.swift */ = {isa = PBXFileReference; lastKnownFileType = sourcecode.swift; path = AppDelegate.swift; sourceTree = "<group>"; };
		AE1267D424C6A1D30054D74B /* SceneDelegate.swift */ = {isa = PBXFileReference; lastKnownFileType = sourcecode.swift; path = SceneDelegate.swift; sourceTree = "<group>"; };
		AE1267D624C6A1D30054D74B /* MenuTypeViewController.swift */ = {isa = PBXFileReference; lastKnownFileType = sourcecode.swift; path = MenuTypeViewController.swift; sourceTree = "<group>"; };
		AE1267D924C6A1D30054D74B /* Base */ = {isa = PBXFileReference; lastKnownFileType = file.storyboard; name = Base; path = Base.lproj/Main.storyboard; sourceTree = "<group>"; };
		AE1267DB24C6A1D60054D74B /* Assets.xcassets */ = {isa = PBXFileReference; lastKnownFileType = folder.assetcatalog; path = Assets.xcassets; sourceTree = "<group>"; };
		AE1267DE24C6A1D60054D74B /* Base */ = {isa = PBXFileReference; lastKnownFileType = file.storyboard; name = Base; path = Base.lproj/LaunchScreen.storyboard; sourceTree = "<group>"; };
		AE1267E024C6A1D60054D74B /* Info.plist */ = {isa = PBXFileReference; lastKnownFileType = text.plist.xml; path = Info.plist; sourceTree = "<group>"; };
		AE1782DF24C6AA1B00CC4768 /* MenuListTableViewController.swift */ = {isa = PBXFileReference; lastKnownFileType = sourcecode.swift; path = MenuListTableViewController.swift; sourceTree = "<group>"; };
		AE1782E324C6AAE000CC4768 /* MenuListTableViewModel.swift */ = {isa = PBXFileReference; lastKnownFileType = sourcecode.swift; path = MenuListTableViewModel.swift; sourceTree = "<group>"; };
		AE1782E524C6E74500CC4768 /* MenuModels.swift */ = {isa = PBXFileReference; lastKnownFileType = sourcecode.swift; path = MenuModels.swift; sourceTree = "<group>"; };
		AE1782E724C6E7C600CC4768 /* MenuTypeViewModel.swift */ = {isa = PBXFileReference; lastKnownFileType = sourcecode.swift; path = MenuTypeViewModel.swift; sourceTree = "<group>"; };
		AE1782E924C7EBAC00CC4768 /* MenuListTableRouter.swift */ = {isa = PBXFileReference; lastKnownFileType = sourcecode.swift; path = MenuListTableRouter.swift; sourceTree = "<group>"; };
		AE1782EB24C7EC5300CC4768 /* DetailsViewController.swift */ = {isa = PBXFileReference; lastKnownFileType = sourcecode.swift; path = DetailsViewController.swift; sourceTree = "<group>"; };
		AE1782ED24C7EDA000CC4768 /* DetailsViewModel.swift */ = {isa = PBXFileReference; lastKnownFileType = sourcecode.swift; path = DetailsViewModel.swift; sourceTree = "<group>"; };
		AE1782EF24C7F84F00CC4768 /* DetailsViewController.xib */ = {isa = PBXFileReference; lastKnownFileType = file.xib; path = DetailsViewController.xib; sourceTree = "<group>"; };
/* End PBXFileReference section */

/* Begin PBXFrameworksBuildPhase section */
		AE1267CC24C6A1D30054D74B /* Frameworks */ = {
			isa = PBXFrameworksBuildPhase;
			buildActionMask = 2147483647;
			files = (
			);
			runOnlyForDeploymentPostprocessing = 0;
		};
/* End PBXFrameworksBuildPhase section */

/* Begin PBXGroup section */
		AE1267C624C6A1D30054D74B = {
			isa = PBXGroup;
			children = (
				AE1267D124C6A1D30054D74B /* Menu */,
				AE1267D024C6A1D30054D74B /* Products */,
			);
			sourceTree = "<group>";
		};
		AE1267D024C6A1D30054D74B /* Products */ = {
			isa = PBXGroup;
			children = (
				AE1267CF24C6A1D30054D74B /* Menu.app */,
			);
			name = Products;
			sourceTree = "<group>";
		};
		AE1267D124C6A1D30054D74B /* Menu */ = {
			isa = PBXGroup;
			children = (
				AE1267D224C6A1D30054D74B /* AppDelegate.swift */,
				AE1267D424C6A1D30054D74B /* SceneDelegate.swift */,
				AE1267D824C6A1D30054D74B /* Main.storyboard */,
				AE1267DD24C6A1D60054D74B /* LaunchScreen.storyboard */,
				AE1782F324C8034700CC4768 /* MenuType */,
				AE1782F224C8032800CC4768 /* MenuList */,
				AE1782F124C802DF00CC4768 /* Details */,
				AE1267DB24C6A1D60054D74B /* Assets.xcassets */,
				AE1267E024C6A1D60054D74B /* Info.plist */,
			);
			path = Menu;
			sourceTree = "<group>";
		};
		AE1782F124C802DF00CC4768 /* Details */ = {
			isa = PBXGroup;
			children = (
				AE1782EB24C7EC5300CC4768 /* DetailsViewController.swift */,
				AE1782ED24C7EDA000CC4768 /* DetailsViewModel.swift */,
				AE1782EF24C7F84F00CC4768 /* DetailsViewController.xib */,
			);
			path = Details;
			sourceTree = "<group>";
		};
		AE1782F224C8032800CC4768 /* MenuList */ = {
			isa = PBXGroup;
			children = (
				AE1782DF24C6AA1B00CC4768 /* MenuListTableViewController.swift */,
				AE1782E324C6AAE000CC4768 /* MenuListTableViewModel.swift */,
				AE1782E924C7EBAC00CC4768 /* MenuListTableRouter.swift */,
				AE1782E524C6E74500CC4768 /* MenuModels.swift */,
			);
			path = MenuList;
			sourceTree = "<group>";
		};
		AE1782F324C8034700CC4768 /* MenuType */ = {
			isa = PBXGroup;
			children = (
				AE1267D624C6A1D30054D74B /* MenuTypeViewController.swift */,
				AE1782E724C6E7C600CC4768 /* MenuTypeViewModel.swift */,
			);
			path = MenuType;
			sourceTree = "<group>";
		};
/* End PBXGroup section */

/* Begin PBXNativeTarget section */
		AE1267CE24C6A1D30054D74B /* Menu */ = {
			isa = PBXNativeTarget;
			buildConfigurationList = AE1267E324C6A1D60054D74B /* Build configuration list for PBXNativeTarget "Menu" */;
			buildPhases = (
				AE1267CB24C6A1D30054D74B /* Sources */,
				AE1267CC24C6A1D30054D74B /* Frameworks */,
				AE1267CD24C6A1D30054D74B /* Resources */,
			);
			buildRules = (
			);
			dependencies = (
			);
			name = Menu;
			productName = Menu;
			productReference = AE1267CF24C6A1D30054D74B /* Menu.app */;
			productType = "com.apple.product-type.application";
		};
/* End PBXNativeTarget section */

/* Begin PBXProject section */
		AE1267C724C6A1D30054D74B /* Project object */ = {
			isa = PBXProject;
			attributes = {
				LastSwiftUpdateCheck = 1130;
				LastUpgradeCheck = 1130;
				ORGANIZATIONNAME = nattanat;
				TargetAttributes = {
					AE1267CE24C6A1D30054D74B = {
						CreatedOnToolsVersion = 11.3.1;
					};
				};
			};
			buildConfigurationList = AE1267CA24C6A1D30054D74B /* Build configuration list for PBXProject "Menu" */;
			compatibilityVersion = "Xcode 9.3";
			developmentRegion = en;
			hasScannedForEncodings = 0;
			knownRegions = (
				en,
				Base,
			);
			mainGroup = AE1267C624C6A1D30054D74B;
			productRefGroup = AE1267D024C6A1D30054D74B /* Products */;
			projectDirPath = "";
			projectRoot = "";
			targets = (
				AE1267CE24C6A1D30054D74B /* Menu */,
			);
		};
/* End PBXProject section */

/* Begin PBXResourcesBuildPhase section */
		AE1267CD24C6A1D30054D74B /* Resources */ = {
			isa = PBXResourcesBuildPhase;
			buildActionMask = 2147483647;
			files = (
				AE1267DF24C6A1D60054D74B /* LaunchScreen.storyboard in Resources */,
				AE1267DC24C6A1D60054D74B /* Assets.xcassets in Resources */,
				AE1267DA24C6A1D30054D74B /* Main.storyboard in Resources */,
				AE1782F024C7F84F00CC4768 /* DetailsViewController.xib in Resources */,
			);
			runOnlyForDeploymentPostprocessing = 0;
		};
/* End PBXResourcesBuildPhase section */

/* Begin PBXSourcesBuildPhase section */
		AE1267CB24C6A1D30054D74B /* Sources */ = {
			isa = PBXSourcesBuildPhase;
			buildActionMask = 2147483647;
			files = (
				AE1782E024C6AA1B00CC4768 /* MenuListTableViewController.swift in Sources */,
				AE1782E424C6AAE000CC4768 /* MenuListTableViewModel.swift in Sources */,
				AE1782EC24C7EC5300CC4768 /* DetailsViewController.swift in Sources */,
				AE1782E624C6E74500CC4768 /* MenuModels.swift in Sources */,
				AE1267D724C6A1D30054D74B /* MenuTypeViewController.swift in Sources */,
				AE1782E824C6E7C600CC4768 /* MenuTypeViewModel.swift in Sources */,
				AE1267D324C6A1D30054D74B /* AppDelegate.swift in Sources */,
				AE1782EE24C7EDA000CC4768 /* DetailsViewModel.swift in Sources */,
				AE1782EA24C7EBAC00CC4768 /* MenuListTableRouter.swift in Sources */,
				AE1267D524C6A1D30054D74B /* SceneDelegate.swift in Sources */,
			);
			runOnlyForDeploymentPostprocessing = 0;
		};
/* End PBXSourcesBuildPhase section */

/* Begin PBXVariantGroup section */
		AE1267D824C6A1D30054D74B /* Main.storyboard */ = {
			isa = PBXVariantGroup;
			children = (
				AE1267D924C6A1D30054D74B /* Base */,
			);
			name = Main.storyboard;
			sourceTree = "<group>";
		};
		AE1267DD24C6A1D60054D74B /* LaunchScreen.storyboard */ = {
			isa = PBXVariantGroup;
			children = (
				AE1267DE24C6A1D60054D74B /* Base */,
			);
			name = LaunchScreen.storyboard;
			sourceTree = "<group>";
		};
/* End PBXVariantGroup section */

/* Begin XCBuildConfiguration section */
		AE1267E124C6A1D60054D74B /* Debug */ = {
			isa = XCBuildConfiguration;
			buildSettings = {
				ALWAYS_SEARCH_USER_PATHS = NO;
				CLANG_ANALYZER_NONNULL = YES;
				CLANG_ANALYZER_NUMBER_OBJECT_CONVERSION = YES_AGGRESSIVE;
				CLANG_CXX_LANGUAGE_STANDARD = "gnu++14";
				CLANG_CXX_LIBRARY = "libc++";
				CLANG_ENABLE_MODULES = YES;
				CLANG_ENABLE_OBJC_ARC = YES;
				CLANG_ENABLE_OBJC_WEAK = YES;
				CLANG_WARN_BLOCK_CAPTURE_AUTORELEASING = YES;
				CLANG_WARN_BOOL_CONVERSION = YES;
				CLANG_WARN_COMMA = YES;
				CLANG_WARN_CONSTANT_CONVERSION = YES;
				CLANG_WARN_DEPRECATED_OBJC_IMPLEMENTATIONS = YES;
				CLANG_WARN_DIRECT_OBJC_ISA_USAGE = YES_ERROR;
				CLANG_WARN_DOCUMENTATION_COMMENTS = YES;
				CLANG_WARN_EMPTY_BODY = YES;
				CLANG_WARN_ENUM_CONVERSION = YES;
				CLANG_WARN_INFINITE_RECURSION = YES;
				CLANG_WARN_INT_CONVERSION = YES;
				CLANG_WARN_NON_LITERAL_NULL_CONVERSION = YES;
				CLANG_WARN_OBJC_IMPLICIT_RETAIN_SELF = YES;
				CLANG_WARN_OBJC_LITERAL_CONVERSION = YES;
				CLANG_WARN_OBJC_ROOT_CLASS = YES_ERROR;
				CLANG_WARN_RANGE_LOOP_ANALYSIS = YES;
				CLANG_WARN_STRICT_PROTOTYPES = YES;
				CLANG_WARN_SUSPICIOUS_MOVE = YES;
				CLANG_WARN_UNGUARDED_AVAILABILITY = YES_AGGRESSIVE;
				CLANG_WARN_UNREACHABLE_CODE = YES;
				CLANG_WARN__DUPLICATE_METHOD_MATCH = YES;
				COPY_PHASE_STRIP = NO;
				DEBUG_INFORMATION_FORMAT = dwarf;
				ENABLE_STRICT_OBJC_MSGSEND = YES;
				ENABLE_TESTABILITY = YES;
				GCC_C_LANGUAGE_STANDARD = gnu11;
				GCC_DYNAMIC_NO_PIC = NO;
				GCC_NO_COMMON_BLOCKS = YES;
				GCC_OPTIMIZATION_LEVEL = 0;
				GCC_PREPROCESSOR_DEFINITIONS = (
					"DEBUG=1",
					"$(inherited)",
				);
				GCC_WARN_64_TO_32_BIT_CONVERSION = YES;
				GCC_WARN_ABOUT_RETURN_TYPE = YES_ERROR;
				GCC_WARN_UNDECLARED_SELECTOR = YES;
				GCC_WARN_UNINITIALIZED_AUTOS = YES_AGGRESSIVE;
				GCC_WARN_UNUSED_FUNCTION = YES;
				GCC_WARN_UNUSED_VARIABLE = YES;
				IPHONEOS_DEPLOYMENT_TARGET = 13.2;
				MTL_ENABLE_DEBUG_INFO = INCLUDE_SOURCE;
				MTL_FAST_MATH = YES;
				ONLY_ACTIVE_ARCH = YES;
				SDKROOT = iphoneos;
				SWIFT_ACTIVE_COMPILATION_CONDITIONS = DEBUG;
				SWIFT_OPTIMIZATION_LEVEL = "-Onone";
			};
			name = Debug;
		};
		AE1267E224C6A1D60054D74B /* Release */ = {
			isa = XCBuildConfiguration;
			buildSettings = {
				ALWAYS_SEARCH_USER_PATHS = NO;
				CLANG_ANALYZER_NONNULL = YES;
				CLANG_ANALYZER_NUMBER_OBJECT_CONVERSION = YES_AGGRESSIVE;
				CLANG_CXX_LANGUAGE_STANDARD = "gnu++14";
				CLANG_CXX_LIBRARY = "libc++";
				CLANG_ENABLE_MODULES = YES;
				CLANG_ENABLE_OBJC_ARC = YES;
				CLANG_ENABLE_OBJC_WEAK = YES;
				CLANG_WARN_BLOCK_CAPTURE_AUTORELEASING = YES;
				CLANG_WARN_BOOL_CONVERSION = YES;
				CLANG_WARN_COMMA = YES;
				CLANG_WARN_CONSTANT_CONVERSION = YES;
				CLANG_WARN_DEPRECATED_OBJC_IMPLEMENTATIONS = YES;
				CLANG_WARN_DIRECT_OBJC_ISA_USAGE = YES_ERROR;
				CLANG_WARN_DOCUMENTATION_COMMENTS = YES;
				CLANG_WARN_EMPTY_BODY = YES;
				CLANG_WARN_ENUM_CONVERSION = YES;
				CLANG_WARN_INFINITE_RECURSION = YES;
				CLANG_WARN_INT_CONVERSION = YES;
				CLANG_WARN_NON_LITERAL_NULL_CONVERSION = YES;
				CLANG_WARN_OBJC_IMPLICIT_RETAIN_SELF = YES;
				CLANG_WARN_OBJC_LITERAL_CONVERSION = YES;
				CLANG_WARN_OBJC_ROOT_CLASS = YES_ERROR;
				CLANG_WARN_RANGE_LOOP_ANALYSIS = YES;
				CLANG_WARN_STRICT_PROTOTYPES = YES;
				CLANG_WARN_SUSPICIOUS_MOVE = YES;
				CLANG_WARN_UNGUARDED_AVAILABILITY = YES_AGGRESSIVE;
				CLANG_WARN_UNREACHABLE_CODE = YES;
				CLANG_WARN__DUPLICATE_METHOD_MATCH = YES;
				COPY_PHASE_STRIP = NO;
				DEBUG_INFORMATION_FORMAT = "dwarf-with-dsym";
				ENABLE_NS_ASSERTIONS = NO;
				ENABLE_STRICT_OBJC_MSGSEND = YES;
				GCC_C_LANGUAGE_STANDARD = gnu11;
				GCC_NO_COMMON_BLOCKS = YES;
				GCC_WARN_64_TO_32_BIT_CONVERSION = YES;
				GCC_WARN_ABOUT_RETURN_TYPE = YES_ERROR;
				GCC_WARN_UNDECLARED_SELECTOR = YES;
				GCC_WARN_UNINITIALIZED_AUTOS = YES_AGGRESSIVE;
				GCC_WARN_UNUSED_FUNCTION = YES;
				GCC_WARN_UNUSED_VARIABLE = YES;
				IPHONEOS_DEPLOYMENT_TARGET = 13.2;
				MTL_ENABLE_DEBUG_INFO = NO;
				MTL_FAST_MATH = YES;
				SDKROOT = iphoneos;
				SWIFT_COMPILATION_MODE = wholemodule;
				SWIFT_OPTIMIZATION_LEVEL = "-O";
				VALIDATE_PRODUCT = YES;
			};
			name = Release;
		};
		AE1267E424C6A1D60054D74B /* Debug */ = {
			isa = XCBuildConfiguration;
			buildSettings = {
				ASSETCATALOG_COMPILER_APPICON_NAME = AppIcon;
				CODE_SIGN_STYLE = Automatic;
				INFOPLIST_FILE = Menu/Info.plist;
				LD_RUNPATH_SEARCH_PATHS = (
					"$(inherited)",
					"@executable_path/Frameworks",
				);
				PRODUCT_BUNDLE_IDENTIFIER = com.nattanat.Menu;
				PRODUCT_NAME = "$(TARGET_NAME)";
				SWIFT_VERSION = 5.0;
				TARGETED_DEVICE_FAMILY = "1,2";
			};
			name = Debug;
		};
		AE1267E524C6A1D60054D74B /* Release */ = {
			isa = XCBuildConfiguration;
			buildSettings = {
				ASSETCATALOG_COMPILER_APPICON_NAME = AppIcon;
				CODE_SIGN_STYLE = Automatic;
				INFOPLIST_FILE = Menu/Info.plist;
				LD_RUNPATH_SEARCH_PATHS = (
					"$(inherited)",
					"@executable_path/Frameworks",
				);
				PRODUCT_BUNDLE_IDENTIFIER = com.nattanat.Menu;
				PRODUCT_NAME = "$(TARGET_NAME)";
				SWIFT_VERSION = 5.0;
				TARGETED_DEVICE_FAMILY = "1,2";
			};
			name = Release;
		};
/* End XCBuildConfiguration section */

/* Begin XCConfigurationList section */
		AE1267CA24C6A1D30054D74B /* Build configuration list for PBXProject "Menu" */ = {
			isa = XCConfigurationList;
			buildConfigurations = (
				AE1267E124C6A1D60054D74B /* Debug */,
				AE1267E224C6A1D60054D74B /* Release */,
			);
			defaultConfigurationIsVisible = 0;
			defaultConfigurationName = Release;
		};
		AE1267E324C6A1D60054D74B /* Build configuration list for PBXNativeTarget "Menu" */ = {
			isa = XCConfigurationList;
			buildConfigurations = (
				AE1267E424C6A1D60054D74B /* Debug */,
				AE1267E524C6A1D60054D74B /* Release */,
			);
			defaultConfigurationIsVisible = 0;
			defaultConfigurationName = Release;
		};
/* End XCConfigurationList section */
	};
	rootObject = AE1267C724C6A1D30054D74B /* Project object */;
}
